// !$*UTF8*$!
{
	archiveVersion = 1;
	classes = {
	};
	objectVersion = 50;
	objects = {

/* Begin PBXBuildFile section */
		6300448381186771B3DF50D6 /* Pods_NIBM_Covid19Tests.framework in Frameworks */ = {isa = PBXBuildFile; fileRef = 361CB71BEDCA1A8D2D6EFCF2 /* Pods_NIBM_Covid19Tests.framework */; };
		C6D95F222E3E06327D935EC5 /* Pods_NIBM_Covid19UITests.framework in Frameworks */ = {isa = PBXBuildFile; fileRef = CE206C119ED551888F15C350 /* Pods_NIBM_Covid19UITests.framework */; };
		CC0EC1EE2513AEE000A682F7 /* ResultViewController.swift in Sources */ = {isa = PBXBuildFile; fileRef = CC0EC1ED2513AEE000A682F7 /* ResultViewController.swift */; };
		CC1D2B882518DD63004C5F76 /* FaceIDViewController.swift in Sources */ = {isa = PBXBuildFile; fileRef = CC1D2B872518DD61004C5F76 /* FaceIDViewController.swift */; };
		CC1D2B8A25190265004C5F76 /* MapViewController.swift in Sources */ = {isa = PBXBuildFile; fileRef = CC1D2B8925190265004C5F76 /* MapViewController.swift */; };
		CC1D2B8C25190268004C5F76 /* TemperatureUpdateViewController.swift in Sources */ = {isa = PBXBuildFile; fileRef = CC1D2B8B25190268004C5F76 /* TemperatureUpdateViewController.swift */; };
		CC50B5162512378B00EBE1BC /* GoogleService-Info.plist in Resources */ = {isa = PBXBuildFile; fileRef = CC50B5152512378B00EBE1BC /* GoogleService-Info.plist */; };
		CC50B51A25123B9200EBE1BC /* SigninViewController.swift in Sources */ = {isa = PBXBuildFile; fileRef = CC50B51925123B9200EBE1BC /* SigninViewController.swift */; };
		CC50B51C25123DF900EBE1BC /* LoginViewController.swift in Sources */ = {isa = PBXBuildFile; fileRef = CC50B51B25123DF900EBE1BC /* LoginViewController.swift */; };
		CC50B51E2512513100EBE1BC /* SurveyViewController.swift in Sources */ = {isa = PBXBuildFile; fileRef = CC50B51D2512513100EBE1BC /* SurveyViewController.swift */; };
		CC5D568B250F952D0022DFAC /* AppDelegate.swift in Sources */ = {isa = PBXBuildFile; fileRef = CC5D568A250F952D0022DFAC /* AppDelegate.swift */; };
		CC5D568D250F952D0022DFAC /* ViewController.swift in Sources */ = {isa = PBXBuildFile; fileRef = CC5D568C250F952D0022DFAC /* ViewController.swift */; };
		CC5D5690250F952D0022DFAC /* Main.storyboard in Resources */ = {isa = PBXBuildFile; fileRef = CC5D568E250F952D0022DFAC /* Main.storyboard */; };
		CC5D5693250F952D0022DFAC /* NIBM_Covid19.xcdatamodeld in Sources */ = {isa = PBXBuildFile; fileRef = CC5D5691250F952D0022DFAC /* NIBM_Covid19.xcdatamodeld */; };
		CC5D5695250F952E0022DFAC /* Assets.xcassets in Resources */ = {isa = PBXBuildFile; fileRef = CC5D5694250F952E0022DFAC /* Assets.xcassets */; };
		CC5D5698250F952E0022DFAC /* LaunchScreen.storyboard in Resources */ = {isa = PBXBuildFile; fileRef = CC5D5696250F952E0022DFAC /* LaunchScreen.storyboard */; };
		CC5D56A3250F952E0022DFAC /* NIBM_Covid19Tests.swift in Sources */ = {isa = PBXBuildFile; fileRef = CC5D56A2250F952E0022DFAC /* NIBM_Covid19Tests.swift */; };
		CC5D56AE250F952E0022DFAC /* NIBM_Covid19UITests.swift in Sources */ = {isa = PBXBuildFile; fileRef = CC5D56AD250F952E0022DFAC /* NIBM_Covid19UITests.swift */; };
		CC960EE42514D6CE00999E57 /* UserProfileViewController.swift in Sources */ = {isa = PBXBuildFile; fileRef = CC960EE32514D6CE00999E57 /* UserProfileViewController.swift */; };
		CC960EE62514DF6C00999E57 /* LogoutViewController.swift in Sources */ = {isa = PBXBuildFile; fileRef = CC960EE52514DF6C00999E57 /* LogoutViewController.swift */; };
		E6A114CF280686E3DBBAE0FF /* Pods_NIBM_Covid19.framework in Frameworks */ = {isa = PBXBuildFile; fileRef = D8BCD76B5A188E53FC4A8572 /* Pods_NIBM_Covid19.framework */; };
/* End PBXBuildFile section */

/* Begin PBXContainerItemProxy section */
		CC5D569F250F952E0022DFAC /* PBXContainerItemProxy */ = {
			isa = PBXContainerItemProxy;
			containerPortal = CC5D567F250F952D0022DFAC /* Project object */;
			proxyType = 1;
			remoteGlobalIDString = CC5D5686250F952D0022DFAC;
			remoteInfo = NIBM_Covid19;
		};
		CC5D56AA250F952E0022DFAC /* PBXContainerItemProxy */ = {
			isa = PBXContainerItemProxy;
			containerPortal = CC5D567F250F952D0022DFAC /* Project object */;
			proxyType = 1;
			remoteGlobalIDString = CC5D5686250F952D0022DFAC;
			remoteInfo = NIBM_Covid19;
		};
/* End PBXContainerItemProxy section */

/* Begin PBXFileReference section */
		1D38BA99F476575D7CF1AF77 /* Pods-NIBM_Covid19.release.xcconfig */ = {isa = PBXFileReference; includeInIndex = 1; lastKnownFileType = text.xcconfig; name = "Pods-NIBM_Covid19.release.xcconfig"; path = "Target Support Files/Pods-NIBM_Covid19/Pods-NIBM_Covid19.release.xcconfig"; sourceTree = "<group>"; };
		1EC5C689D05E1DCA4D8579E1 /* Pods-NIBM_Covid19UITests.release.xcconfig */ = {isa = PBXFileReference; includeInIndex = 1; lastKnownFileType = text.xcconfig; name = "Pods-NIBM_Covid19UITests.release.xcconfig"; path = "Target Support Files/Pods-NIBM_Covid19UITests/Pods-NIBM_Covid19UITests.release.xcconfig"; sourceTree = "<group>"; };
		361CB71BEDCA1A8D2D6EFCF2 /* Pods_NIBM_Covid19Tests.framework */ = {isa = PBXFileReference; explicitFileType = wrapper.framework; includeInIndex = 0; path = Pods_NIBM_Covid19Tests.framework; sourceTree = BUILT_PRODUCTS_DIR; };
		3E1562759217139AE88983BB /* Pods-NIBM_Covid19Tests.release.xcconfig */ = {isa = PBXFileReference; includeInIndex = 1; lastKnownFileType = text.xcconfig; name = "Pods-NIBM_Covid19Tests.release.xcconfig"; path = "Target Support Files/Pods-NIBM_Covid19Tests/Pods-NIBM_Covid19Tests.release.xcconfig"; sourceTree = "<group>"; };
		6220469269BA927A5A990C47 /* Pods-NIBM_Covid19.debug.xcconfig */ = {isa = PBXFileReference; includeInIndex = 1; lastKnownFileType = text.xcconfig; name = "Pods-NIBM_Covid19.debug.xcconfig"; path = "Target Support Files/Pods-NIBM_Covid19/Pods-NIBM_Covid19.debug.xcconfig"; sourceTree = "<group>"; };
		C4AC7D5C1ADD339CF62047E9 /* Pods-NIBM_Covid19UITests.debug.xcconfig */ = {isa = PBXFileReference; includeInIndex = 1; lastKnownFileType = text.xcconfig; name = "Pods-NIBM_Covid19UITests.debug.xcconfig"; path = "Target Support Files/Pods-NIBM_Covid19UITests/Pods-NIBM_Covid19UITests.debug.xcconfig"; sourceTree = "<group>"; };
		CC0EC1ED2513AEE000A682F7 /* ResultViewController.swift */ = {isa = PBXFileReference; fileEncoding = 4; lastKnownFileType = sourcecode.swift; path = ResultViewController.swift; sourceTree = "<group>"; };
		CC1D2B872518DD61004C5F76 /* FaceIDViewController.swift */ = {isa = PBXFileReference; lastKnownFileType = sourcecode.swift; name = FaceIDViewController.swift; path = "/Users/digital-09/Desktop/S.U.Delpachithra-COBSCCOMP191P-043/NIBM-COVID-19-APP/NIBM_Covid19/FaceIDViewController.swift"; sourceTree = "<absolute>"; };
		CC1D2B8925190265004C5F76 /* MapViewController.swift */ = {isa = PBXFileReference; lastKnownFileType = sourcecode.swift; name = MapViewController.swift; path = "/Users/digital-09/Desktop/S.U.Delpachithra-COBSCCOMP191P-043/NIBM-COVID-19-APP/NIBM_Covid19/MapViewController.swift"; sourceTree = "<absolute>"; };
		CC1D2B8B25190268004C5F76 /* TemperatureUpdateViewController.swift */ = {isa = PBXFileReference; lastKnownFileType = sourcecode.swift; name = TemperatureUpdateViewController.swift; path = "/Users/digital-09/Desktop/S.U.Delpachithra-COBSCCOMP191P-043/NIBM-COVID-19-APP/NIBM_Covid19/TemperatureUpdateViewController.swift"; sourceTree = "<absolute>"; };
		CC50B5152512378B00EBE1BC /* GoogleService-Info.plist */ = {isa = PBXFileReference; fileEncoding = 4; lastKnownFileType = text.plist.xml; path = "GoogleService-Info.plist"; sourceTree = "<group>"; };
		CC50B51925123B9200EBE1BC /* SigninViewController.swift */ = {isa = PBXFileReference; lastKnownFileType = sourcecode.swift; name = SigninViewController.swift; path = "/Users/digital-09/Desktop/S.U.Delpachithra-COBSCCOMP191P-043/NIBM-COVID-19-APP/NIBM_Covid19/SigninViewController.swift"; sourceTree = "<absolute>"; };
		CC50B51B25123DF900EBE1BC /* LoginViewController.swift */ = {isa = PBXFileReference; lastKnownFileType = sourcecode.swift; name = LoginViewController.swift; path = "/Users/digital-09/Desktop/S.U.Delpachithra-COBSCCOMP191P-043/NIBM-COVID-19-APP/NIBM_Covid19/LoginViewController.swift"; sourceTree = "<absolute>"; };
		CC50B51D2512513100EBE1BC /* SurveyViewController.swift */ = {isa = PBXFileReference; lastKnownFileType = sourcecode.swift; name = SurveyViewController.swift; path = "/Users/digital-09/Desktop/S.U.Delpachithra-COBSCCOMP191P-043/NIBM-COVID-19-APP/NIBM_Covid19/SurveyViewController.swift"; sourceTree = "<absolute>"; };
		CC5D5687250F952D0022DFAC /* NIBM_Covid19.app */ = {isa = PBXFileReference; explicitFileType = wrapper.application; includeInIndex = 0; path = NIBM_Covid19.app; sourceTree = BUILT_PRODUCTS_DIR; };
		CC5D568A250F952D0022DFAC /* AppDelegate.swift */ = {isa = PBXFileReference; lastKnownFileType = sourcecode.swift; path = AppDelegate.swift; sourceTree = "<group>"; };
		CC5D568C250F952D0022DFAC /* ViewController.swift */ = {isa = PBXFileReference; lastKnownFileType = sourcecode.swift; path = ViewController.swift; sourceTree = "<group>"; };
		CC5D568F250F952D0022DFAC /* Base */ = {isa = PBXFileReference; lastKnownFileType = file.storyboard; name = Base; path = Base.lproj/Main.storyboard; sourceTree = "<group>"; };
		CC5D5692250F952D0022DFAC /* NIBM_Covid19.xcdatamodel */ = {isa = PBXFileReference; lastKnownFileType = wrapper.xcdatamodel; path = NIBM_Covid19.xcdatamodel; sourceTree = "<group>"; };
		CC5D5694250F952E0022DFAC /* Assets.xcassets */ = {isa = PBXFileReference; lastKnownFileType = folder.assetcatalog; path = Assets.xcassets; sourceTree = "<group>"; };
		CC5D5697250F952E0022DFAC /* Base */ = {isa = PBXFileReference; lastKnownFileType = file.storyboard; name = Base; path = Base.lproj/LaunchScreen.storyboard; sourceTree = "<group>"; };
		CC5D5699250F952E0022DFAC /* Info.plist */ = {isa = PBXFileReference; lastKnownFileType = text.plist.xml; path = Info.plist; sourceTree = "<group>"; };
		CC5D569E250F952E0022DFAC /* NIBM_Covid19Tests.xctest */ = {isa = PBXFileReference; explicitFileType = wrapper.cfbundle; includeInIndex = 0; path = NIBM_Covid19Tests.xctest; sourceTree = BUILT_PRODUCTS_DIR; };
		CC5D56A2250F952E0022DFAC /* NIBM_Covid19Tests.swift */ = {isa = PBXFileReference; lastKnownFileType = sourcecode.swift; path = NIBM_Covid19Tests.swift; sourceTree = "<group>"; };
		CC5D56A4250F952E0022DFAC /* Info.plist */ = {isa = PBXFileReference; lastKnownFileType = text.plist.xml; path = Info.plist; sourceTree = "<group>"; };
		CC5D56A9250F952E0022DFAC /* NIBM_Covid19UITests.xctest */ = {isa = PBXFileReference; explicitFileType = wrapper.cfbundle; includeInIndex = 0; path = NIBM_Covid19UITests.xctest; sourceTree = BUILT_PRODUCTS_DIR; };
		CC5D56AD250F952E0022DFAC /* NIBM_Covid19UITests.swift */ = {isa = PBXFileReference; lastKnownFileType = sourcecode.swift; path = NIBM_Covid19UITests.swift; sourceTree = "<group>"; };
		CC5D56AF250F952E0022DFAC /* Info.plist */ = {isa = PBXFileReference; lastKnownFileType = text.plist.xml; path = Info.plist; sourceTree = "<group>"; };
		CC960EE32514D6CE00999E57 /* UserProfileViewController.swift */ = {isa = PBXFileReference; lastKnownFileType = sourcecode.swift; name = UserProfileViewController.swift; path = "/Users/digital-09/Desktop/S.U.Delpachithra-COBSCCOMP191P-043/NIBM-COVID-19-APP/NIBM_Covid19/UserProfileViewController.swift"; sourceTree = "<absolute>"; };
		CC960EE52514DF6C00999E57 /* LogoutViewController.swift */ = {isa = PBXFileReference; lastKnownFileType = sourcecode.swift; name = LogoutViewController.swift; path = "/Users/digital-09/Desktop/S.U.Delpachithra-COBSCCOMP191P-043/NIBM-COVID-19-APP/NIBM_Covid19/LogoutViewController.swift"; sourceTree = "<absolute>"; };
		CE206C119ED551888F15C350 /* Pods_NIBM_Covid19UITests.framework */ = {isa = PBXFileReference; explicitFileType = wrapper.framework; includeInIndex = 0; path = Pods_NIBM_Covid19UITests.framework; sourceTree = BUILT_PRODUCTS_DIR; };
		CE8E81347BF265078AAB0ACE /* Pods-NIBM_Covid19Tests.debug.xcconfig */ = {isa = PBXFileReference; includeInIndex = 1; lastKnownFileType = text.xcconfig; name = "Pods-NIBM_Covid19Tests.debug.xcconfig"; path = "Target Support Files/Pods-NIBM_Covid19Tests/Pods-NIBM_Covid19Tests.debug.xcconfig"; sourceTree = "<group>"; };
		D8BCD76B5A188E53FC4A8572 /* Pods_NIBM_Covid19.framework */ = {isa = PBXFileReference; explicitFileType = wrapper.framework; includeInIndex = 0; path = Pods_NIBM_Covid19.framework; sourceTree = BUILT_PRODUCTS_DIR; };
/* End PBXFileReference section */

/* Begin PBXFrameworksBuildPhase section */
		CC5D5684250F952D0022DFAC /* Frameworks */ = {
			isa = PBXFrameworksBuildPhase;
			buildActionMask = 2147483647;
			files = (
				E6A114CF280686E3DBBAE0FF /* Pods_NIBM_Covid19.framework in Frameworks */,
			);
			runOnlyForDeploymentPostprocessing = 0;
		};
		CC5D569B250F952E0022DFAC /* Frameworks */ = {
			isa = PBXFrameworksBuildPhase;
			buildActionMask = 2147483647;
			files = (
				6300448381186771B3DF50D6 /* Pods_NIBM_Covid19Tests.framework in Frameworks */,
			);
			runOnlyForDeploymentPostprocessing = 0;
		};
		CC5D56A6250F952E0022DFAC /* Frameworks */ = {
			isa = PBXFrameworksBuildPhase;
			buildActionMask = 2147483647;
			files = (
				C6D95F222E3E06327D935EC5 /* Pods_NIBM_Covid19UITests.framework in Frameworks */,
			);
			runOnlyForDeploymentPostprocessing = 0;
		};
/* End PBXFrameworksBuildPhase section */

/* Begin PBXGroup section */
		4A59AAD3E55AB6B0DA96FAE5 /* Frameworks */ = {
			isa = PBXGroup;
			children = (
				D8BCD76B5A188E53FC4A8572 /* Pods_NIBM_Covid19.framework */,
				361CB71BEDCA1A8D2D6EFCF2 /* Pods_NIBM_Covid19Tests.framework */,
				CE206C119ED551888F15C350 /* Pods_NIBM_Covid19UITests.framework */,
			);
			name = Frameworks;
			sourceTree = "<group>";
		};
		5F4C60E31064BDE7603BAB57 /* Pods */ = {
			isa = PBXGroup;
			children = (
				6220469269BA927A5A990C47 /* Pods-NIBM_Covid19.debug.xcconfig */,
				1D38BA99F476575D7CF1AF77 /* Pods-NIBM_Covid19.release.xcconfig */,
				CE8E81347BF265078AAB0ACE /* Pods-NIBM_Covid19Tests.debug.xcconfig */,
				3E1562759217139AE88983BB /* Pods-NIBM_Covid19Tests.release.xcconfig */,
				C4AC7D5C1ADD339CF62047E9 /* Pods-NIBM_Covid19UITests.debug.xcconfig */,
				1EC5C689D05E1DCA4D8579E1 /* Pods-NIBM_Covid19UITests.release.xcconfig */,
			);
			path = Pods;
			sourceTree = "<group>";
		};
		CC5D567E250F952D0022DFAC = {
			isa = PBXGroup;
			children = (
				CC5D5689250F952D0022DFAC /* NIBM_Covid19 */,
				CC5D56A1250F952E0022DFAC /* NIBM_Covid19Tests */,
				CC5D56AC250F952E0022DFAC /* NIBM_Covid19UITests */,
				CC5D5688250F952D0022DFAC /* Products */,
				5F4C60E31064BDE7603BAB57 /* Pods */,
				4A59AAD3E55AB6B0DA96FAE5 /* Frameworks */,
			);
			sourceTree = "<group>";
		};
		CC5D5688250F952D0022DFAC /* Products */ = {
			isa = PBXGroup;
			children = (
				CC5D5687250F952D0022DFAC /* NIBM_Covid19.app */,
				CC5D569E250F952E0022DFAC /* NIBM_Covid19Tests.xctest */,
				CC5D56A9250F952E0022DFAC /* NIBM_Covid19UITests.xctest */,
			);
			name = Products;
			sourceTree = "<group>";
		};
		CC5D5689250F952D0022DFAC /* NIBM_Covid19 */ = {
			isa = PBXGroup;
			children = (
				CC5D568A250F952D0022DFAC /* AppDelegate.swift */,
				CC5D568C250F952D0022DFAC /* ViewController.swift */,
				CC5D568E250F952D0022DFAC /* Main.storyboard */,
				CC50B51925123B9200EBE1BC /* SigninViewController.swift */,
				CC50B51B25123DF900EBE1BC /* LoginViewController.swift */,
				CC50B51D2512513100EBE1BC /* SurveyViewController.swift */,
				CC0EC1ED2513AEE000A682F7 /* ResultViewController.swift */,
				CC960EE32514D6CE00999E57 /* UserProfileViewController.swift */,
				CC960EE52514DF6C00999E57 /* LogoutViewController.swift */,
				CC1D2B872518DD61004C5F76 /* FaceIDViewController.swift */,
				CC1D2B8925190265004C5F76 /* MapViewController.swift */,
				CC1D2B8B25190268004C5F76 /* TemperatureUpdateViewController.swift */,
				CC5D5694250F952E0022DFAC /* Assets.xcassets */,
				CC5D5696250F952E0022DFAC /* LaunchScreen.storyboard */,
				CC5D5699250F952E0022DFAC /* Info.plist */,
				CC50B5152512378B00EBE1BC /* GoogleService-Info.plist */,
				CC5D5691250F952D0022DFAC /* NIBM_Covid19.xcdatamodeld */,
			);
			path = NIBM_Covid19;
			sourceTree = "<group>";
		};
		CC5D56A1250F952E0022DFAC /* NIBM_Covid19Tests */ = {
			isa = PBXGroup;
			children = (
				CC5D56A2250F952E0022DFAC /* NIBM_Covid19Tests.swift */,
				CC5D56A4250F952E0022DFAC /* Info.plist */,
			);
			path = NIBM_Covid19Tests;
			sourceTree = "<group>";
		};
		CC5D56AC250F952E0022DFAC /* NIBM_Covid19UITests */ = {
			isa = PBXGroup;
			children = (
				CC5D56AD250F952E0022DFAC /* NIBM_Covid19UITests.swift */,
				CC5D56AF250F952E0022DFAC /* Info.plist */,
			);
			path = NIBM_Covid19UITests;
			sourceTree = "<group>";
		};
/* End PBXGroup section */

/* Begin PBXNativeTarget section */
		CC5D5686250F952D0022DFAC /* NIBM_Covid19 */ = {
			isa = PBXNativeTarget;
			buildConfigurationList = CC5D56B2250F952E0022DFAC /* Build configuration list for PBXNativeTarget "NIBM_Covid19" */;
			buildPhases = (
				0F05D23B317F52A7DB792B48 /* [CP] Check Pods Manifest.lock */,
				CC5D5683250F952D0022DFAC /* Sources */,
				CC5D5684250F952D0022DFAC /* Frameworks */,
				CC5D5685250F952D0022DFAC /* Resources */,
				06B862F8415CA8311CD96A30 /* [CP] Embed Pods Frameworks */,
			);
			buildRules = (
			);
			dependencies = (
			);
			name = NIBM_Covid19;
			productName = NIBM_Covid19;
			productReference = CC5D5687250F952D0022DFAC /* NIBM_Covid19.app */;
			productType = "com.apple.product-type.application";
		};
		CC5D569D250F952E0022DFAC /* NIBM_Covid19Tests */ = {
			isa = PBXNativeTarget;
			buildConfigurationList = CC5D56B5250F952E0022DFAC /* Build configuration list for PBXNativeTarget "NIBM_Covid19Tests" */;
			buildPhases = (
				1D63319469BAF51C537EC23B /* [CP] Check Pods Manifest.lock */,
				CC5D569A250F952E0022DFAC /* Sources */,
				CC5D569B250F952E0022DFAC /* Frameworks */,
				CC5D569C250F952E0022DFAC /* Resources */,
			);
			buildRules = (
			);
			dependencies = (
				CC5D56A0250F952E0022DFAC /* PBXTargetDependency */,
			);
			name = NIBM_Covid19Tests;
			productName = NIBM_Covid19Tests;
			productReference = CC5D569E250F952E0022DFAC /* NIBM_Covid19Tests.xctest */;
			productType = "com.apple.product-type.bundle.unit-test";
		};
		CC5D56A8250F952E0022DFAC /* NIBM_Covid19UITests */ = {
			isa = PBXNativeTarget;
			buildConfigurationList = CC5D56B8250F952E0022DFAC /* Build configuration list for PBXNativeTarget "NIBM_Covid19UITests" */;
			buildPhases = (
				CA52818A3CB842E19320682E /* [CP] Check Pods Manifest.lock */,
				CC5D56A5250F952E0022DFAC /* Sources */,
				CC5D56A6250F952E0022DFAC /* Frameworks */,
				CC5D56A7250F952E0022DFAC /* Resources */,
			);
			buildRules = (
			);
			dependencies = (
				CC5D56AB250F952E0022DFAC /* PBXTargetDependency */,
			);
			name = NIBM_Covid19UITests;
			productName = NIBM_Covid19UITests;
			productReference = CC5D56A9250F952E0022DFAC /* NIBM_Covid19UITests.xctest */;
			productType = "com.apple.product-type.bundle.ui-testing";
		};
/* End PBXNativeTarget section */

/* Begin PBXProject section */
		CC5D567F250F952D0022DFAC /* Project object */ = {
			isa = PBXProject;
			attributes = {
				LastSwiftUpdateCheck = 1010;
				LastUpgradeCheck = 1010;
				ORGANIZATIONNAME = NIBM;
				TargetAttributes = {
					CC5D5686250F952D0022DFAC = {
						CreatedOnToolsVersion = 10.1;
					};
					CC5D569D250F952E0022DFAC = {
						CreatedOnToolsVersion = 10.1;
						TestTargetID = CC5D5686250F952D0022DFAC;
					};
					CC5D56A8250F952E0022DFAC = {
						CreatedOnToolsVersion = 10.1;
						TestTargetID = CC5D5686250F952D0022DFAC;
					};
				};
			};
			buildConfigurationList = CC5D5682250F952D0022DFAC /* Build configuration list for PBXProject "NIBM_Covid19" */;
			compatibilityVersion = "Xcode 9.3";
			developmentRegion = en;
			hasScannedForEncodings = 0;
			knownRegions = (
				en,
				Base,
			);
			mainGroup = CC5D567E250F952D0022DFAC;
			productRefGroup = CC5D5688250F952D0022DFAC /* Products */;
			projectDirPath = "";
			projectRoot = "";
			targets = (
				CC5D5686250F952D0022DFAC /* NIBM_Covid19 */,
				CC5D569D250F952E0022DFAC /* NIBM_Covid19Tests */,
				CC5D56A8250F952E0022DFAC /* NIBM_Covid19UITests */,
			);
		};
/* End PBXProject section */

/* Begin PBXResourcesBuildPhase section */
		CC5D5685250F952D0022DFAC /* Resources */ = {
			isa = PBXResourcesBuildPhase;
			buildActionMask = 2147483647;
			files = (
				CC5D5698250F952E0022DFAC /* LaunchScreen.storyboard in Resources */,
				CC50B5162512378B00EBE1BC /* GoogleService-Info.plist in Resources */,
				CC5D5695250F952E0022DFAC /* Assets.xcassets in Resources */,
				CC5D5690250F952D0022DFAC /* Main.storyboard in Resources */,
			);
			runOnlyForDeploymentPostprocessing = 0;
		};
		CC5D569C250F952E0022DFAC /* Resources */ = {
			isa = PBXResourcesBuildPhase;
			buildActionMask = 2147483647;
			files = (
			);
			runOnlyForDeploymentPostprocessing = 0;
		};
		CC5D56A7250F952E0022DFAC /* Resources */ = {
			isa = PBXResourcesBuildPhase;
			buildActionMask = 2147483647;
			files = (
			);
			runOnlyForDeploymentPostprocessing = 0;
		};
/* End PBXResourcesBuildPhase section */

/* Begin PBXShellScriptBuildPhase section */
		06B862F8415CA8311CD96A30 /* [CP] Embed Pods Frameworks */ = {
			isa = PBXShellScriptBuildPhase;
			buildActionMask = 2147483647;
			files = (
			);
			inputFileListPaths = (
			);
			inputPaths = (
				"${PODS_ROOT}/Target Support Files/Pods-NIBM_Covid19/Pods-NIBM_Covid19-frameworks.sh",
				"${BUILT_PRODUCTS_DIR}/BoringSSL-GRPC/openssl_grpc.framework",
				"${BUILT_PRODUCTS_DIR}/GTMSessionFetcher/GTMSessionFetcher.framework",
				"${BUILT_PRODUCTS_DIR}/GoogleUtilities/GoogleUtilities.framework",
				"${BUILT_PRODUCTS_DIR}/Protobuf/Protobuf.framework",
				"${BUILT_PRODUCTS_DIR}/gRPC-C++/grpcpp.framework",
				"${BUILT_PRODUCTS_DIR}/gRPC-Core/grpc.framework",
				"${BUILT_PRODUCTS_DIR}/leveldb-library/leveldb.framework",
				"${BUILT_PRODUCTS_DIR}/nanopb/nanopb.framework",
			);
			name = "[CP] Embed Pods Frameworks";
			outputFileListPaths = (
			);
			outputPaths = (
				"${TARGET_BUILD_DIR}/${FRAMEWORKS_FOLDER_PATH}/openssl_grpc.framework",
				"${TARGET_BUILD_DIR}/${FRAMEWORKS_FOLDER_PATH}/GTMSessionFetcher.framework",
				"${TARGET_BUILD_DIR}/${FRAMEWORKS_FOLDER_PATH}/GoogleUtilities.framework",
				"${TARGET_BUILD_DIR}/${FRAMEWORKS_FOLDER_PATH}/Protobuf.framework",
				"${TARGET_BUILD_DIR}/${FRAMEWORKS_FOLDER_PATH}/grpcpp.framework",
				"${TARGET_BUILD_DIR}/${FRAMEWORKS_FOLDER_PATH}/grpc.framework",
				"${TARGET_BUILD_DIR}/${FRAMEWORKS_FOLDER_PATH}/leveldb.framework",
				"${TARGET_BUILD_DIR}/${FRAMEWORKS_FOLDER_PATH}/nanopb.framework",
			);
			runOnlyForDeploymentPostprocessing = 0;
			shellPath = /bin/sh;
			shellScript = "\"${PODS_ROOT}/Target Support Files/Pods-NIBM_Covid19/Pods-NIBM_Covid19-frameworks.sh\"\n";
			showEnvVarsInLog = 0;
		};
		0F05D23B317F52A7DB792B48 /* [CP] Check Pods Manifest.lock */ = {
			isa = PBXShellScriptBuildPhase;
			buildActionMask = 2147483647;
			files = (
			);
			inputFileListPaths = (
			);
			inputPaths = (
				"${PODS_PODFILE_DIR_PATH}/Podfile.lock",
				"${PODS_ROOT}/Manifest.lock",
			);
			name = "[CP] Check Pods Manifest.lock";
			outputFileListPaths = (
			);
			outputPaths = (
				"$(DERIVED_FILE_DIR)/Pods-NIBM_Covid19-checkManifestLockResult.txt",
			);
			runOnlyForDeploymentPostprocessing = 0;
			shellPath = /bin/sh;
			shellScript = "diff \"${PODS_PODFILE_DIR_PATH}/Podfile.lock\" \"${PODS_ROOT}/Manifest.lock\" > /dev/null\nif [ $? != 0 ] ; then\n    # print error to STDERR\n    echo \"error: The sandbox is not in sync with the Podfile.lock. Run 'pod install' or update your CocoaPods installation.\" >&2\n    exit 1\nfi\n# This output is used by Xcode 'outputs' to avoid re-running this script phase.\necho \"SUCCESS\" > \"${SCRIPT_OUTPUT_FILE_0}\"\n";
			showEnvVarsInLog = 0;
		};
		1D63319469BAF51C537EC23B /* [CP] Check Pods Manifest.lock */ = {
			isa = PBXShellScriptBuildPhase;
			buildActionMask = 2147483647;
			files = (
			);
			inputFileListPaths = (
			);
			inputPaths = (
				"${PODS_PODFILE_DIR_PATH}/Podfile.lock",
				"${PODS_ROOT}/Manifest.lock",
			);
			name = "[CP] Check Pods Manifest.lock";
			outputFileListPaths = (
			);
			outputPaths = (
				"$(DERIVED_FILE_DIR)/Pods-NIBM_Covid19Tests-checkManifestLockResult.txt",
			);
			runOnlyForDeploymentPostprocessing = 0;
			shellPath = /bin/sh;
			shellScript = "diff \"${PODS_PODFILE_DIR_PATH}/Podfile.lock\" \"${PODS_ROOT}/Manifest.lock\" > /dev/null\nif [ $? != 0 ] ; then\n    # print error to STDERR\n    echo \"error: The sandbox is not in sync with the Podfile.lock. Run 'pod install' or update your CocoaPods installation.\" >&2\n    exit 1\nfi\n# This output is used by Xcode 'outputs' to avoid re-running this script phase.\necho \"SUCCESS\" > \"${SCRIPT_OUTPUT_FILE_0}\"\n";
			showEnvVarsInLog = 0;
		};
		CA52818A3CB842E19320682E /* [CP] Check Pods Manifest.lock */ = {
			isa = PBXShellScriptBuildPhase;
			buildActionMask = 2147483647;
			files = (
			);
			inputFileListPaths = (
			);
			inputPaths = (
				"${PODS_PODFILE_DIR_PATH}/Podfile.lock",
				"${PODS_ROOT}/Manifest.lock",
			);
			name = "[CP] Check Pods Manifest.lock";
			outputFileListPaths = (
			);
			outputPaths = (
				"$(DERIVED_FILE_DIR)/Pods-NIBM_Covid19UITests-checkManifestLockResult.txt",
			);
			runOnlyForDeploymentPostprocessing = 0;
			shellPath = /bin/sh;
			shellScript = "diff \"${PODS_PODFILE_DIR_PATH}/Podfile.lock\" \"${PODS_ROOT}/Manifest.lock\" > /dev/null\nif [ $? != 0 ] ; then\n    # print error to STDERR\n    echo \"error: The sandbox is not in sync with the Podfile.lock. Run 'pod install' or update your CocoaPods installation.\" >&2\n    exit 1\nfi\n# This output is used by Xcode 'outputs' to avoid re-running this script phase.\necho \"SUCCESS\" > \"${SCRIPT_OUTPUT_FILE_0}\"\n";
			showEnvVarsInLog = 0;
		};
/* End PBXShellScriptBuildPhase section */

/* Begin PBXSourcesBuildPhase section */
		CC5D5683250F952D0022DFAC /* Sources */ = {
			isa = PBXSourcesBuildPhase;
			buildActionMask = 2147483647;
			files = (
				CC1D2B8C25190268004C5F76 /* TemperatureUpdateViewController.swift in Sources */,
				CC1D2B8A25190265004C5F76 /* MapViewController.swift in Sources */,
				CC50B51A25123B9200EBE1BC /* SigninViewController.swift in Sources */,
				CC5D568D250F952D0022DFAC /* ViewController.swift in Sources */,
				CC1D2B882518DD63004C5F76 /* FaceIDViewController.swift in Sources */,
				CC0EC1EE2513AEE000A682F7 /* ResultViewController.swift in Sources */,
				CC5D568B250F952D0022DFAC /* AppDelegate.swift in Sources */,
				CC50B51C25123DF900EBE1BC /* LoginViewController.swift in Sources */,
				CC50B51E2512513100EBE1BC /* SurveyViewController.swift in Sources */,
				CC960EE42514D6CE00999E57 /* UserProfileViewController.swift in Sources */,
				CC960EE62514DF6C00999E57 /* LogoutViewController.swift in Sources */,
				CC5D5693250F952D0022DFAC /* NIBM_Covid19.xcdatamodeld in Sources */,
			);
			runOnlyForDeploymentPostprocessing = 0;
		};
		CC5D569A250F952E0022DFAC /* Sources */ = {
			isa = PBXSourcesBuildPhase;
			buildActionMask = 2147483647;
			files = (
				CC5D56A3250F952E0022DFAC /* NIBM_Covid19Tests.swift in Sources */,
			);
			runOnlyForDeploymentPostprocessing = 0;
		};
		CC5D56A5250F952E0022DFAC /* Sources */ = {
			isa = PBXSourcesBuildPhase;
			buildActionMask = 2147483647;
			files = (
				CC5D56AE250F952E0022DFAC /* NIBM_Covid19UITests.swift in Sources */,
			);
			runOnlyForDeploymentPostprocessing = 0;
		};
/* End PBXSourcesBuildPhase section */

/* Begin PBXTargetDependency section */
		CC5D56A0250F952E0022DFAC /* PBXTargetDependency */ = {
			isa = PBXTargetDependency;
			target = CC5D5686250F952D0022DFAC /* NIBM_Covid19 */;
			targetProxy = CC5D569F250F952E0022DFAC /* PBXContainerItemProxy */;
		};
		CC5D56AB250F952E0022DFAC /* PBXTargetDependency */ = {
			isa = PBXTargetDependency;
			target = CC5D5686250F952D0022DFAC /* NIBM_Covid19 */;
			targetProxy = CC5D56AA250F952E0022DFAC /* PBXContainerItemProxy */;
		};
/* End PBXTargetDependency section */

/* Begin PBXVariantGroup section */
		CC5D568E250F952D0022DFAC /* Main.storyboard */ = {
			isa = PBXVariantGroup;
			children = (
				CC5D568F250F952D0022DFAC /* Base */,
			);
			name = Main.storyboard;
			sourceTree = "<group>";
		};
		CC5D5696250F952E0022DFAC /* LaunchScreen.storyboard */ = {
			isa = PBXVariantGroup;
			children = (
				CC5D5697250F952E0022DFAC /* Base */,
			);
			name = LaunchScreen.storyboard;
			sourceTree = "<group>";
		};
/* End PBXVariantGroup section */

/* Begin XCBuildConfiguration section */
		CC5D56B0250F952E0022DFAC /* Debug */ = {
			isa = XCBuildConfiguration;
			buildSettings = {
				ALWAYS_SEARCH_USER_PATHS = NO;
				CLANG_ANALYZER_NONNULL = YES;
				CLANG_ANALYZER_NUMBER_OBJECT_CONVERSION = YES_AGGRESSIVE;
				CLANG_CXX_LANGUAGE_STANDARD = "gnu++14";
				CLANG_CXX_LIBRARY = "libc++";
				CLANG_ENABLE_MODULES = YES;
				CLANG_ENABLE_OBJC_ARC = YES;
				CLANG_ENABLE_OBJC_WEAK = YES;
				CLANG_WARN_BLOCK_CAPTURE_AUTORELEASING = YES;
				CLANG_WARN_BOOL_CONVERSION = YES;
				CLANG_WARN_COMMA = YES;
				CLANG_WARN_CONSTANT_CONVERSION = YES;
				CLANG_WARN_DEPRECATED_OBJC_IMPLEMENTATIONS = YES;
				CLANG_WARN_DIRECT_OBJC_ISA_USAGE = YES_ERROR;
				CLANG_WARN_DOCUMENTATION_COMMENTS = YES;
				CLANG_WARN_EMPTY_BODY = YES;
				CLANG_WARN_ENUM_CONVERSION = YES;
				CLANG_WARN_INFINITE_RECURSION = YES;
				CLANG_WARN_INT_CONVERSION = YES;
				CLANG_WARN_NON_LITERAL_NULL_CONVERSION = YES;
				CLANG_WARN_OBJC_IMPLICIT_RETAIN_SELF = YES;
				CLANG_WARN_OBJC_LITERAL_CONVERSION = YES;
				CLANG_WARN_OBJC_ROOT_CLASS = YES_ERROR;
				CLANG_WARN_RANGE_LOOP_ANALYSIS = YES;
				CLANG_WARN_STRICT_PROTOTYPES = YES;
				CLANG_WARN_SUSPICIOUS_MOVE = YES;
				CLANG_WARN_UNGUARDED_AVAILABILITY = YES_AGGRESSIVE;
				CLANG_WARN_UNREACHABLE_CODE = YES;
				CLANG_WARN__DUPLICATE_METHOD_MATCH = YES;
				CODE_SIGN_IDENTITY = "iPhone Developer";
				COPY_PHASE_STRIP = NO;
				DEBUG_INFORMATION_FORMAT = dwarf;
				ENABLE_STRICT_OBJC_MSGSEND = YES;
				ENABLE_TESTABILITY = YES;
				GCC_C_LANGUAGE_STANDARD = gnu11;
				GCC_DYNAMIC_NO_PIC = NO;
				GCC_NO_COMMON_BLOCKS = YES;
				GCC_OPTIMIZATION_LEVEL = 0;
				GCC_PREPROCESSOR_DEFINITIONS = (
					"DEBUG=1",
					"$(inherited)",
				);
				GCC_WARN_64_TO_32_BIT_CONVERSION = YES;
				GCC_WARN_ABOUT_RETURN_TYPE = YES_ERROR;
				GCC_WARN_UNDECLARED_SELECTOR = YES;
				GCC_WARN_UNINITIALIZED_AUTOS = YES_AGGRESSIVE;
				GCC_WARN_UNUSED_FUNCTION = YES;
				GCC_WARN_UNUSED_VARIABLE = YES;
				IPHONEOS_DEPLOYMENT_TARGET = 12.1;
				MTL_ENABLE_DEBUG_INFO = INCLUDE_SOURCE;
				MTL_FAST_MATH = YES;
				ONLY_ACTIVE_ARCH = YES;
				SDKROOT = iphoneos;
				SWIFT_ACTIVE_COMPILATION_CONDITIONS = DEBUG;
				SWIFT_OPTIMIZATION_LEVEL = "-Onone";
			};
			name = Debug;
		};
		CC5D56B1250F952E0022DFAC /* Release */ = {
			isa = XCBuildConfiguration;
			buildSettings = {
				ALWAYS_SEARCH_USER_PATHS = NO;
				CLANG_ANALYZER_NONNULL = YES;
				CLANG_ANALYZER_NUMBER_OBJECT_CONVERSION = YES_AGGRESSIVE;
				CLANG_CXX_LANGUAGE_STANDARD = "gnu++14";
				CLANG_CXX_LIBRARY = "libc++";
				CLANG_ENABLE_MODULES = YES;
				CLANG_ENABLE_OBJC_ARC = YES;
				CLANG_ENABLE_OBJC_WEAK = YES;
				CLANG_WARN_BLOCK_CAPTURE_AUTORELEASING = YES;
				CLANG_WARN_BOOL_CONVERSION = YES;
				CLANG_WARN_COMMA = YES;
				CLANG_WARN_CONSTANT_CONVERSION = YES;
				CLANG_WARN_DEPRECATED_OBJC_IMPLEMENTATIONS = YES;
				CLANG_WARN_DIRECT_OBJC_ISA_USAGE = YES_ERROR;
				CLANG_WARN_DOCUMENTATION_COMMENTS = YES;
				CLANG_WARN_EMPTY_BODY = YES;
				CLANG_WARN_ENUM_CONVERSION = YES;
				CLANG_WARN_INFINITE_RECURSION = YES;
				CLANG_WARN_INT_CONVERSION = YES;
				CLANG_WARN_NON_LITERAL_NULL_CONVERSION = YES;
				CLANG_WARN_OBJC_IMPLICIT_RETAIN_SELF = YES;
				CLANG_WARN_OBJC_LITERAL_CONVERSION = YES;
				CLANG_WARN_OBJC_ROOT_CLASS = YES_ERROR;
				CLANG_WARN_RANGE_LOOP_ANALYSIS = YES;
				CLANG_WARN_STRICT_PROTOTYPES = YES;
				CLANG_WARN_SUSPICIOUS_MOVE = YES;
				CLANG_WARN_UNGUARDED_AVAILABILITY = YES_AGGRESSIVE;
				CLANG_WARN_UNREACHABLE_CODE = YES;
				CLANG_WARN__DUPLICATE_METHOD_MATCH = YES;
				CODE_SIGN_IDENTITY = "iPhone Developer";
				COPY_PHASE_STRIP = NO;
				DEBUG_INFORMATION_FORMAT = "dwarf-with-dsym";
				ENABLE_NS_ASSERTIONS = NO;
				ENABLE_STRICT_OBJC_MSGSEND = YES;
				GCC_C_LANGUAGE_STANDARD = gnu11;
				GCC_NO_COMMON_BLOCKS = YES;
				GCC_WARN_64_TO_32_BIT_CONVERSION = YES;
				GCC_WARN_ABOUT_RETURN_TYPE = YES_ERROR;
				GCC_WARN_UNDECLARED_SELECTOR = YES;
				GCC_WARN_UNINITIALIZED_AUTOS = YES_AGGRESSIVE;
				GCC_WARN_UNUSED_FUNCTION = YES;
				GCC_WARN_UNUSED_VARIABLE = YES;
				IPHONEOS_DEPLOYMENT_TARGET = 12.1;
				MTL_ENABLE_DEBUG_INFO = NO;
				MTL_FAST_MATH = YES;
				SDKROOT = iphoneos;
				SWIFT_COMPILATION_MODE = wholemodule;
				SWIFT_OPTIMIZATION_LEVEL = "-O";
				VALIDATE_PRODUCT = YES;
			};
			name = Release;
		};
		CC5D56B3250F952E0022DFAC /* Debug */ = {
			isa = XCBuildConfiguration;
			baseConfigurationReference = 6220469269BA927A5A990C47 /* Pods-NIBM_Covid19.debug.xcconfig */;
			buildSettings = {
				ASSETCATALOG_COMPILER_APPICON_NAME = AppIcon;
				CODE_SIGN_STYLE = Automatic;
				INFOPLIST_FILE = NIBM_Covid19/Info.plist;
				LD_RUNPATH_SEARCH_PATHS = (
					"$(inherited)",
					"@executable_path/Frameworks",
				);
				PRODUCT_BUNDLE_IDENTIFIER = "nibm.NIBM-Covid19";
				PRODUCT_NAME = "$(TARGET_NAME)";
				SWIFT_VERSION = 4.2;
				TARGETED_DEVICE_FAMILY = "1,2";
			};
			name = Debug;
		};
		CC5D56B4250F952E0022DFAC /* Release */ = {
			isa = XCBuildConfiguration;
			baseConfigurationReference = 1D38BA99F476575D7CF1AF77 /* Pods-NIBM_Covid19.release.xcconfig */;
			buildSettings = {
				ASSETCATALOG_COMPILER_APPICON_NAME = AppIcon;
				CODE_SIGN_STYLE = Automatic;
				INFOPLIST_FILE = NIBM_Covid19/Info.plist;
				LD_RUNPATH_SEARCH_PATHS = (
					"$(inherited)",
					"@executable_path/Frameworks",
				);
				PRODUCT_BUNDLE_IDENTIFIER = "nibm.NIBM-Covid19";
				PRODUCT_NAME = "$(TARGET_NAME)";
				SWIFT_VERSION = 4.2;
				TARGETED_DEVICE_FAMILY = "1,2";
			};
			name = Release;
		};
		CC5D56B6250F952E0022DFAC /* Debug */ = {
			isa = XCBuildConfiguration;
			baseConfigurationReference = CE8E81347BF265078AAB0ACE /* Pods-NIBM_Covid19Tests.debug.xcconfig */;
			buildSettings = {
				ALWAYS_EMBED_SWIFT_STANDARD_LIBRARIES = YES;
				BUNDLE_LOADER = "$(TEST_HOST)";
				CODE_SIGN_STYLE = Automatic;
				INFOPLIST_FILE = NIBM_Covid19Tests/Info.plist;
				LD_RUNPATH_SEARCH_PATHS = (
					"$(inherited)",
					"@executable_path/Frameworks",
					"@loader_path/Frameworks",
				);
				PRODUCT_BUNDLE_IDENTIFIER = "nibm.NIBM-Covid19Tests";
				PRODUCT_NAME = "$(TARGET_NAME)";
				SWIFT_VERSION = 4.2;
				TARGETED_DEVICE_FAMILY = "1,2";
				TEST_HOST = "$(BUILT_PRODUCTS_DIR)/NIBM_Covid19.app/NIBM_Covid19";
			};
			name = Debug;
		};
		CC5D56B7250F952E0022DFAC /* Release */ = {
			isa = XCBuildConfiguration;
			baseConfigurationReference = 3E1562759217139AE88983BB /* Pods-NIBM_Covid19Tests.release.xcconfig */;
			buildSettings = {
				ALWAYS_EMBED_SWIFT_STANDARD_LIBRARIES = YES;
				BUNDLE_LOADER = "$(TEST_HOST)";
				CODE_SIGN_STYLE = Automatic;
				INFOPLIST_FILE = NIBM_Covid19Tests/Info.plist;
				LD_RUNPATH_SEARCH_PATHS = (
					"$(inherited)",
					"@executable_path/Frameworks",
					"@loader_path/Frameworks",
				);
				PRODUCT_BUNDLE_IDENTIFIER = "nibm.NIBM-Covid19Tests";
				PRODUCT_NAME = "$(TARGET_NAME)";
				SWIFT_VERSION = 4.2;
				TARGETED_DEVICE_FAMILY = "1,2";
				TEST_HOST = "$(BUILT_PRODUCTS_DIR)/NIBM_Covid19.app/NIBM_Covid19";
			};
			name = Release;
		};
		CC5D56B9250F952E0022DFAC /* Debug */ = {
			isa = XCBuildConfiguration;
			baseConfigurationReference = C4AC7D5C1ADD339CF62047E9 /* Pods-NIBM_Covid19UITests.debug.xcconfig */;
			buildSettings = {
				ALWAYS_EMBED_SWIFT_STANDARD_LIBRARIES = YES;
				CODE_SIGN_STYLE = Automatic;
				INFOPLIST_FILE = NIBM_Covid19UITests/Info.plist;
				LD_RUNPATH_SEARCH_PATHS = (
					"$(inherited)",
					"@executable_path/Frameworks",
					"@loader_path/Frameworks",
				);
				PRODUCT_BUNDLE_IDENTIFIER = "nibm.NIBM-Covid19UITests";
				PRODUCT_NAME = "$(TARGET_NAME)";
				SWIFT_VERSION = 4.2;
				TARGETED_DEVICE_FAMILY = "1,2";
				TEST_TARGET_NAME = NIBM_Covid19;
			};
			name = Debug;
		};
		CC5D56BA250F952E0022DFAC /* Release */ = {
			isa = XCBuildConfiguration;
			baseConfigurationReference = 1EC5C689D05E1DCA4D8579E1 /* Pods-NIBM_Covid19UITests.release.xcconfig */;
			buildSettings = {
				ALWAYS_EMBED_SWIFT_STANDARD_LIBRARIES = YES;
				CODE_SIGN_STYLE = Automatic;
				INFOPLIST_FILE = NIBM_Covid19UITests/Info.plist;
				LD_RUNPATH_SEARCH_PATHS = (
					"$(inherited)",
					"@executable_path/Frameworks",
					"@loader_path/Frameworks",
				);
				PRODUCT_BUNDLE_IDENTIFIER = "nibm.NIBM-Covid19UITests";
				PRODUCT_NAME = "$(TARGET_NAME)";
				SWIFT_VERSION = 4.2;
				TARGETED_DEVICE_FAMILY = "1,2";
				TEST_TARGET_NAME = NIBM_Covid19;
			};
			name = Release;
		};
/* End XCBuildConfiguration section */

/* Begin XCConfigurationList section */
		CC5D5682250F952D0022DFAC /* Build configuration list for PBXProject "NIBM_Covid19" */ = {
			isa = XCConfigurationList;
			buildConfigurations = (
				CC5D56B0250F952E0022DFAC /* Debug */,
				CC5D56B1250F952E0022DFAC /* Release */,
			);
			defaultConfigurationIsVisible = 0;
			defaultConfigurationName = Release;
		};
		CC5D56B2250F952E0022DFAC /* Build configuration list for PBXNativeTarget "NIBM_Covid19" */ = {
			isa = XCConfigurationList;
			buildConfigurations = (
				CC5D56B3250F952E0022DFAC /* Debug */,
				CC5D56B4250F952E0022DFAC /* Release */,
			);
			defaultConfigurationIsVisible = 0;
			defaultConfigurationName = Release;
		};
		CC5D56B5250F952E0022DFAC /* Build configuration list for PBXNativeTarget "NIBM_Covid19Tests" */ = {
			isa = XCConfigurationList;
			buildConfigurations = (
				CC5D56B6250F952E0022DFAC /* Debug */,
				CC5D56B7250F952E0022DFAC /* Release */,
			);
			defaultConfigurationIsVisible = 0;
			defaultConfigurationName = Release;
		};
		CC5D56B8250F952E0022DFAC /* Build configuration list for PBXNativeTarget "NIBM_Covid19UITests" */ = {
			isa = XCConfigurationList;
			buildConfigurations = (
				CC5D56B9250F952E0022DFAC /* Debug */,
				CC5D56BA250F952E0022DFAC /* Release */,
			);
			defaultConfigurationIsVisible = 0;
			defaultConfigurationName = Release;
		};
/* End XCConfigurationList section */

/* Begin XCVersionGroup section */
		CC5D5691250F952D0022DFAC /* NIBM_Covid19.xcdatamodeld */ = {
			isa = XCVersionGroup;
			children = (
				CC5D5692250F952D0022DFAC /* NIBM_Covid19.xcdatamodel */,
			);
			currentVersion = CC5D5692250F952D0022DFAC /* NIBM_Covid19.xcdatamodel */;
			path = NIBM_Covid19.xcdatamodeld;
			sourceTree = "<group>";
			versionGroupType = wrapper.xcdatamodel;
		};
/* End XCVersionGroup section */
	};
	rootObject = CC5D567F250F952D0022DFAC /* Project object */;
}
